
Microsoft Visual Studio Solution File, Format Version 12.00
# Visual Studio Version 16
VisualStudioVersion = 16.0.30204.135
MinimumVisualStudioVersion = 10.0.40219.1
Project("{FAE04EC0-301F-11D3-BF4B-00C04F79EFBC}") = "CityInfo.API", "CityInfo.API\CityInfo.API.csproj", "{477D08DA-0A53-42E9-9BB1-A7B39CA30316}"
EndProject
Global
	GlobalSection(SolutionConfigurationPlatforms) = preSolution
		Debug|Any CPU = Debug|Any CPU
		Release|Any CPU = Release|Any CPU
	EndGlobalSection
	GlobalSection(ProjectConfigurationPlatforms) = postSolution
		{477D08DA-0A53-42E9-9BB1-A7B39CA30316}.Debug|Any CPU.ActiveCfg = Debug|Any CPU
		{477D08DA-0A53-42E9-9BB1-A7B39CA30316}.Debug|Any CPU.Build.0 = Debug|Any CPU
		{477D08DA-0A53-42E9-9BB1-A7B39CA30316}.Release|Any CPU.ActiveCfg = Release|Any CPU
		{477D08DA-0A53-42E9-9BB1-A7B39CA30316}.Release|Any CPU.Build.0 = Release|Any CPU
	EndGlobalSection
	GlobalSection(SolutionProperties) = preSolution
		HideSolutionNode = FALSE
	EndGlobalSection
	GlobalSection(ExtensibilityGlobals) = postSolution
		SolutionGuid = {A457E4E6-2E8F-4FD4-BC2D-0CBC8F1137C6}
	EndGlobalSection
EndGlobal
